
Microsoft Visual Studio Solution File, Format Version 12.00
# Visual Studio Version 17
VisualStudioVersion = 17.0.31903.59
MinimumVisualStudioVersion = 10.0.40219.1
Project("{9A19103F-16F7-4668-BE54-9A1E7A4F7556}") = "ScreenSound", "ScreenSound\ScreenSound.csproj", "{A9CCE41C-6657-42BF-AED4-F3F578033037}"
EndProject
Project("{FAE04EC0-301F-11D3-BF4B-00C04F79EFBC}") = "ScreenSound.API", "ScreenSound.API\ScreenSound.API.csproj", "{5943A644-D707-40BF-910E-249AE8C161B4}"
EndProject
Project("{FAE04EC0-301F-11D3-BF4B-00C04F79EFBC}") = "ScreenSound.Shared.Modelos", "ScreenSound.Shared.Modelos\ScreenSound.Shared.Modelos.csproj", "{50ECDB0F-EE1B-43A9-9F9D-ABCBA1A4D0DE}"
EndProject
Project("{FAE04EC0-301F-11D3-BF4B-00C04F79EFBC}") = "ScreenSound.Shared.Dados", "ScreenSound.Shared.Dados\ScreenSound.Shared.Dados.csproj", "{6930145E-1DC5-40F6-BDF0-D4E146C228C0}"
EndProject
Global
	GlobalSection(SolutionConfigurationPlatforms) = preSolution
		Debug|Any CPU = Debug|Any CPU
		Release|Any CPU = Release|Any CPU
	EndGlobalSection
	GlobalSection(ProjectConfigurationPlatforms) = postSolution
		{A9CCE41C-6657-42BF-AED4-F3F578033037}.Debug|Any CPU.ActiveCfg = Debug|Any CPU
		{A9CCE41C-6657-42BF-AED4-F3F578033037}.Debug|Any CPU.Build.0 = Debug|Any CPU
		{A9CCE41C-6657-42BF-AED4-F3F578033037}.Release|Any CPU.ActiveCfg = Release|Any CPU
		{A9CCE41C-6657-42BF-AED4-F3F578033037}.Release|Any CPU.Build.0 = Release|Any CPU
		{5943A644-D707-40BF-910E-249AE8C161B4}.Debug|Any CPU.ActiveCfg = Debug|Any CPU
		{5943A644-D707-40BF-910E-249AE8C161B4}.Debug|Any CPU.Build.0 = Debug|Any CPU
		{5943A644-D707-40BF-910E-249AE8C161B4}.Release|Any CPU.ActiveCfg = Release|Any CPU
		{5943A644-D707-40BF-910E-249AE8C161B4}.Release|Any CPU.Build.0 = Release|Any CPU
		{50ECDB0F-EE1B-43A9-9F9D-ABCBA1A4D0DE}.Debug|Any CPU.ActiveCfg = Debug|Any CPU
		{50ECDB0F-EE1B-43A9-9F9D-ABCBA1A4D0DE}.Debug|Any CPU.Build.0 = Debug|Any CPU
		{50ECDB0F-EE1B-43A9-9F9D-ABCBA1A4D0DE}.Release|Any CPU.ActiveCfg = Release|Any CPU
		{50ECDB0F-EE1B-43A9-9F9D-ABCBA1A4D0DE}.Release|Any CPU.Build.0 = Release|Any CPU
		{6930145E-1DC5-40F6-BDF0-D4E146C228C0}.Debug|Any CPU.ActiveCfg = Debug|Any CPU
		{6930145E-1DC5-40F6-BDF0-D4E146C228C0}.Debug|Any CPU.Build.0 = Debug|Any CPU
		{6930145E-1DC5-40F6-BDF0-D4E146C228C0}.Release|Any CPU.ActiveCfg = Release|Any CPU
		{6930145E-1DC5-40F6-BDF0-D4E146C228C0}.Release|Any CPU.Build.0 = Release|Any CPU
	EndGlobalSection
	GlobalSection(SolutionProperties) = preSolution
		HideSolutionNode = FALSE
	EndGlobalSection
	GlobalSection(ExtensibilityGlobals) = postSolution
		SolutionGuid = {784100B2-91C5-4A5B-A310-9C1897306170}
	EndGlobalSection
EndGlobal
